{
  "name": "discord-economy-bot",
  "version": "1.0.0",
  "lockfileVersion": 3,
  "requires": true,
  "packages": {
    "": {
      "name": "discord-economy-bot",
      "version": "1.0.0",
      "license": "MIT",
      "dependencies": {
        "discord.js": "^14.19.3",
        "dotenv": "^16.5.0"
      }
    }
  }
}
